// !$*UTF8*$!
{
	archiveVersion = 1;
	classes = {
	};
	objectVersion = 48;
	objects = {

/* Begin PBXBuildFile section */
		32BB68232050FA6E00ADA8B4 /* AppDelegate.swift in Sources */ = {isa = PBXBuildFile; fileRef = 32BB68222050FA6E00ADA8B4 /* AppDelegate.swift */; };
		32BB68252050FA6E00ADA8B4 /* ViewController.swift in Sources */ = {isa = PBXBuildFile; fileRef = 32BB68242050FA6E00ADA8B4 /* ViewController.swift */; };
		32BB68282050FA6E00ADA8B4 /* Main.storyboard in Resources */ = {isa = PBXBuildFile; fileRef = 32BB68262050FA6E00ADA8B4 /* Main.storyboard */; };
		32BB682A2050FA6E00ADA8B4 /* Assets.xcassets in Resources */ = {isa = PBXBuildFile; fileRef = 32BB68292050FA6E00ADA8B4 /* Assets.xcassets */; };
		32BB682D2050FA6E00ADA8B4 /* LaunchScreen.storyboard in Resources */ = {isa = PBXBuildFile; fileRef = 32BB682B2050FA6E00ADA8B4 /* LaunchScreen.storyboard */; };
/* End PBXBuildFile section */

/* Begin PBXFileReference section */
		32BB681F2050FA6E00ADA8B4 /* SMTPClient.app */ = {isa = PBXFileReference; explicitFileType = wrapper.application; includeInIndex = 0; path = SMTPClient.app; sourceTree = BUILT_PRODUCTS_DIR; };
		32BB68222050FA6E00ADA8B4 /* AppDelegate.swift */ = {isa = PBXFileReference; lastKnownFileType = sourcecode.swift; path = AppDelegate.swift; sourceTree = "<group>"; };
		32BB68242050FA6E00ADA8B4 /* ViewController.swift */ = {isa = PBXFileReference; lastKnownFileType = sourcecode.swift; path = ViewController.swift; sourceTree = "<group>"; };
		32BB68272050FA6E00ADA8B4 /* Base */ = {isa = PBXFileReference; lastKnownFileType = file.storyboard; name = Base; path = Base.lproj/Main.storyboard; sourceTree = "<group>"; };
		32BB68292050FA6E00ADA8B4 /* Assets.xcassets */ = {isa = PBXFileReference; lastKnownFileType = folder.assetcatalog; path = Assets.xcassets; sourceTree = "<group>"; };
		32BB682C2050FA6E00ADA8B4 /* Base */ = {isa = PBXFileReference; lastKnownFileType = file.storyboard; name = Base; path = Base.lproj/LaunchScreen.storyboard; sourceTree = "<group>"; };
		32BB682E2050FA6E00ADA8B4 /* Info.plist */ = {isa = PBXFileReference; lastKnownFileType = text.plist.xml; path = Info.plist; sourceTree = "<group>"; };
/* End PBXFileReference section */

/* Begin PBXFrameworksBuildPhase section */
		32BB681C2050FA6E00ADA8B4 /* Frameworks */ = {
			isa = PBXFrameworksBuildPhase;
			buildActionMask = 2147483647;
			files = (
			);
			runOnlyForDeploymentPostprocessing = 0;
		};
/* End PBXFrameworksBuildPhase section */

/* Begin PBXGroup section */
		32BB68162050FA6E00ADA8B4 = {
			isa = PBXGroup;
			children = (
				32BB68212050FA6E00ADA8B4 /* SMTPClient */,
				32BB68202050FA6E00ADA8B4 /* Products */,
			);
			sourceTree = "<group>";
		};
		32BB68202050FA6E00ADA8B4 /* Products */ = {
			isa = PBXGroup;
			children = (
				32BB681F2050FA6E00ADA8B4 /* SMTPClient.app */,
			);
			name = Products;
			sourceTree = "<group>";
		};
		32BB68212050FA6E00ADA8B4 /* SMTPClient */ = {
			isa = PBXGroup;
			children = (
				32BB68222050FA6E00ADA8B4 /* AppDelegate.swift */,
				32BB68242050FA6E00ADA8B4 /* ViewController.swift */,
				32BB68262050FA6E00ADA8B4 /* Main.storyboard */,
				32BB68292050FA6E00ADA8B4 /* Assets.xcassets */,
				32BB682B2050FA6E00ADA8B4 /* LaunchScreen.storyboard */,
				32BB682E2050FA6E00ADA8B4 /* Info.plist */,
			);
			path = SMTPClient;
			sourceTree = "<group>";
		};
/* End PBXGroup section */

/* Begin PBXNativeTarget section */
		32BB681E2050FA6E00ADA8B4 /* SMTPClient */ = {
			isa = PBXNativeTarget;
			buildConfigurationList = 32BB68312050FA6E00ADA8B4 /* Build configuration list for PBXNativeTarget "SMTPClient" */;
			buildPhases = (
				32BB681B2050FA6E00ADA8B4 /* Sources */,
				32BB681C2050FA6E00ADA8B4 /* Frameworks */,
				32BB681D2050FA6E00ADA8B4 /* Resources */,
			);
			buildRules = (
			);
			dependencies = (
			);
			name = SMTPClient;
			productName = SMTPClient;
			productReference = 32BB681F2050FA6E00ADA8B4 /* SMTPClient.app */;
			productType = "com.apple.product-type.application";
		};
/* End PBXNativeTarget section */

/* Begin PBXProject section */
		32BB68172050FA6E00ADA8B4 /* Project object */ = {
			isa = PBXProject;
			attributes = {
				LastSwiftUpdateCheck = 0920;
				LastUpgradeCheck = 0920;
				ORGANIZATIONNAME = edu.com;
				TargetAttributes = {
					32BB681E2050FA6E00ADA8B4 = {
						CreatedOnToolsVersion = 9.2;
						ProvisioningStyle = Automatic;
					};
				};
			};
			buildConfigurationList = 32BB681A2050FA6E00ADA8B4 /* Build configuration list for PBXProject "SMTPClient" */;
			compatibilityVersion = "Xcode 8.0";
			developmentRegion = en;
			hasScannedForEncodings = 0;
			knownRegions = (
				en,
				Base,
			);
			mainGroup = 32BB68162050FA6E00ADA8B4;
			productRefGroup = 32BB68202050FA6E00ADA8B4 /* Products */;
			projectDirPath = "";
			projectRoot = "";
			targets = (
				32BB681E2050FA6E00ADA8B4 /* SMTPClient */,
			);
		};
/* End PBXProject section */

/* Begin PBXResourcesBuildPhase section */
		32BB681D2050FA6E00ADA8B4 /* Resources */ = {
			isa = PBXResourcesBuildPhase;
			buildActionMask = 2147483647;
			files = (
				32BB682D2050FA6E00ADA8B4 /* LaunchScreen.storyboard in Resources */,
				32BB682A2050FA6E00ADA8B4 /* Assets.xcassets in Resources */,
				32BB68282050FA6E00ADA8B4 /* Main.storyboard in Resources */,
			);
			runOnlyForDeploymentPostprocessing = 0;
		};
/* End PBXResourcesBuildPhase section */

/* Begin PBXSourcesBuildPhase section */
		32BB681B2050FA6E00ADA8B4 /* Sources */ = {
			isa = PBXSourcesBuildPhase;
			buildActionMask = 2147483647;
			files = (
				32BB68252050FA6E00ADA8B4 /* ViewController.swift in Sources */,
				32BB68232050FA6E00ADA8B4 /* AppDelegate.swift in Sources */,
			);
			runOnlyForDeploymentPostprocessing = 0;
		};
/* End PBXSourcesBuildPhase section */

/* Begin PBXVariantGroup section */
		32BB68262050FA6E00ADA8B4 /* Main.storyboard */ = {
			isa = PBXVariantGroup;
			children = (
				32BB68272050FA6E00ADA8B4 /* Base */,
			);
			name = Main.storyboard;
			sourceTree = "<group>";
		};
		32BB682B2050FA6E00ADA8B4 /* LaunchScreen.storyboard */ = {
			isa = PBXVariantGroup;
			children = (
				32BB682C2050FA6E00ADA8B4 /* Base */,
			);
			name = LaunchScreen.storyboard;
			sourceTree = "<group>";
		};
/* End PBXVariantGroup section */

/* Begin XCBuildConfiguration section */
		32BB682F2050FA6E00ADA8B4 /* Debug */ = {
			isa = XCBuildConfiguration;
			buildSettings = {
				ALWAYS_SEARCH_USER_PATHS = NO;
				CLANG_ANALYZER_NONNULL = YES;
				CLANG_ANALYZER_NUMBER_OBJECT_CONVERSION = YES_AGGRESSIVE;
				CLANG_CXX_LANGUAGE_STANDARD = "gnu++14";
				CLANG_CXX_LIBRARY = "libc++";
				CLANG_ENABLE_MODULES = YES;
				CLANG_ENABLE_OBJC_ARC = YES;
				CLANG_WARN_BLOCK_CAPTURE_AUTORELEASING = YES;
				CLANG_WARN_BOOL_CONVERSION = YES;
				CLANG_WARN_COMMA = YES;
				CLANG_WARN_CONSTANT_CONVERSION = YES;
				CLANG_WARN_DIRECT_OBJC_ISA_USAGE = YES_ERROR;
				CLANG_WARN_DOCUMENTATION_COMMENTS = YES;
				CLANG_WARN_EMPTY_BODY = YES;
				CLANG_WARN_ENUM_CONVERSION = YES;
				CLANG_WARN_INFINITE_RECURSION = YES;
				CLANG_WARN_INT_CONVERSION = YES;
				CLANG_WARN_NON_LITERAL_NULL_CONVERSION = YES;
				CLANG_WARN_OBJC_LITERAL_CONVERSION = YES;
				CLANG_WARN_OBJC_ROOT_CLASS = YES_ERROR;
				CLANG_WARN_RANGE_LOOP_ANALYSIS = YES;
				CLANG_WARN_STRICT_PROTOTYPES = YES;
				CLANG_WARN_SUSPICIOUS_MOVE = YES;
				CLANG_WARN_UNGUARDED_AVAILABILITY = YES_AGGRESSIVE;
				CLANG_WARN_UNREACHABLE_CODE = YES;
				CLANG_WARN__DUPLICATE_METHOD_MATCH = YES;
				CODE_SIGN_IDENTITY = "iPhone Developer";
				COPY_PHASE_STRIP = NO;
				DEBUG_INFORMATION_FORMAT = dwarf;
				ENABLE_STRICT_OBJC_MSGSEND = YES;
				ENABLE_TESTABILITY = YES;
				GCC_C_LANGUAGE_STANDARD = gnu11;
				GCC_DYNAMIC_NO_PIC = NO;
				GCC_NO_COMMON_BLOCKS = YES;
				GCC_OPTIMIZATION_LEVEL = 0;
				GCC_PREPROCESSOR_DEFINITIONS = (
					"DEBUG=1",
					"$(inherited)",
				);
				GCC_WARN_64_TO_32_BIT_CONVERSION = YES;
				GCC_WARN_ABOUT_RETURN_TYPE = YES_ERROR;
				GCC_WARN_UNDECLARED_SELECTOR = YES;
				GCC_WARN_UNINITIALIZED_AUTOS = YES_AGGRESSIVE;
				GCC_WARN_UNUSED_FUNCTION = YES;
				GCC_WARN_UNUSED_VARIABLE = YES;
				IPHONEOS_DEPLOYMENT_TARGET = 11.2;
				MTL_ENABLE_DEBUG_INFO = YES;
				ONLY_ACTIVE_ARCH = YES;
				SDKROOT = iphoneos;
				SWIFT_ACTIVE_COMPILATION_CONDITIONS = DEBUG;
				SWIFT_OPTIMIZATION_LEVEL = "-Onone";
			};
			name = Debug;
		};
		32BB68302050FA6E00ADA8B4 /* Release */ = {
			isa = XCBuildConfiguration;
			buildSettings = {
				ALWAYS_SEARCH_USER_PATHS = NO;
				CLANG_ANALYZER_NONNULL = YES;
				CLANG_ANALYZER_NUMBER_OBJECT_CONVERSION = YES_AGGRESSIVE;
				CLANG_CXX_LANGUAGE_STANDARD = "gnu++14";
				CLANG_CXX_LIBRARY = "libc++";
				CLANG_ENABLE_MODULES = YES;
				CLANG_ENABLE_OBJC_ARC = YES;
				CLANG_WARN_BLOCK_CAPTURE_AUTORELEASING = YES;
				CLANG_WARN_BOOL_CONVERSION = YES;
				CLANG_WARN_COMMA = YES;
				CLANG_WARN_CONSTANT_CONVERSION = YES;
				CLANG_WARN_DIRECT_OBJC_ISA_USAGE = YES_ERROR;
				CLANG_WARN_DOCUMENTATION_COMMENTS = YES;
				CLANG_WARN_EMPTY_BODY = YES;
				CLANG_WARN_ENUM_CONVERSION = YES;
				CLANG_WARN_INFINITE_RECURSION = YES;
				CLANG_WARN_INT_CONVERSION = YES;
				CLANG_WARN_NON_LITERAL_NULL_CONVERSION = YES;
				CLANG_WARN_OBJC_LITERAL_CONVERSION = YES;
				CLANG_WARN_OBJC_ROOT_CLASS = YES_ERROR;
				CLANG_WARN_RANGE_LOOP_ANALYSIS = YES;
				CLANG_WARN_STRICT_PROTOTYPES = YES;
				CLANG_WARN_SUSPICIOUS_MOVE = YES;
				CLANG_WARN_UNGUARDED_AVAILABILITY = YES_AGGRESSIVE;
				CLANG_WARN_UNREACHABLE_CODE = YES;
				CLANG_WARN__DUPLICATE_METHOD_MATCH = YES;
				CODE_SIGN_IDENTITY = "iPhone Developer";
				COPY_PHASE_STRIP = NO;
				DEBUG_INFORMATION_FORMAT = "dwarf-with-dsym";
				ENABLE_NS_ASSERTIONS = NO;
				ENABLE_STRICT_OBJC_MSGSEND = YES;
				GCC_C_LANGUAGE_STANDARD = gnu11;
				GCC_NO_COMMON_BLOCKS = YES;
				GCC_WARN_64_TO_32_BIT_CONVERSION = YES;
				GCC_WARN_ABOUT_RETURN_TYPE = YES_ERROR;
				GCC_WARN_UNDECLARED_SELECTOR = YES;
				GCC_WARN_UNINITIALIZED_AUTOS = YES_AGGRESSIVE;
				GCC_WARN_UNUSED_FUNCTION = YES;
				GCC_WARN_UNUSED_VARIABLE = YES;
				IPHONEOS_DEPLOYMENT_TARGET = 11.2;
				MTL_ENABLE_DEBUG_INFO = NO;
				SDKROOT = iphoneos;
				SWIFT_OPTIMIZATION_LEVEL = "-Owholemodule";
				VALIDATE_PRODUCT = YES;
			};
			name = Release;
		};
		32BB68322050FA6E00ADA8B4 /* Debug */ = {
			isa = XCBuildConfiguration;
			buildSettings = {
				ASSETCATALOG_COMPILER_APPICON_NAME = AppIcon;
				CODE_SIGN_STYLE = Automatic;
				DEVELOPMENT_TEAM = 4BES6VC9E8;
				INFOPLIST_FILE = SMTPClient/Info.plist;
				LD_RUNPATH_SEARCH_PATHS = "$(inherited) @executable_path/Frameworks";
				PRODUCT_BUNDLE_IDENTIFIER = "jp.co.ast-net.SMTPClient";
				PRODUCT_NAME = "$(TARGET_NAME)";
				SWIFT_VERSION = 4.0;
				TARGETED_DEVICE_FAMILY = "1,2";
			};
			name = Debug;
		};
		32BB68332050FA6E00ADA8B4 /* Release */ = {
			isa = XCBuildConfiguration;
			buildSettings = {
				ASSETCATALOG_COMPILER_APPICON_NAME = AppIcon;
				CODE_SIGN_STYLE = Automatic;
				DEVELOPMENT_TEAM = 4BES6VC9E8;
				INFOPLIST_FILE = SMTPClient/Info.plist;
				LD_RUNPATH_SEARCH_PATHS = "$(inherited) @executable_path/Frameworks";
				PRODUCT_BUNDLE_IDENTIFIER = "jp.co.ast-net.SMTPClient";
				PRODUCT_NAME = "$(TARGET_NAME)";
				SWIFT_VERSION = 4.0;
				TARGETED_DEVICE_FAMILY = "1,2";
			};
			name = Release;
		};
/* End XCBuildConfiguration section */

/* Begin XCConfigurationList section */
		32BB681A2050FA6E00ADA8B4 /* Build configuration list for PBXProject "SMTPClient" */ = {
			isa = XCConfigurationList;
			buildConfigurations = (
				32BB682F2050FA6E00ADA8B4 /* Debug */,
				32BB68302050FA6E00ADA8B4 /* Release */,
			);
			defaultConfigurationIsVisible = 0;
			defaultConfigurationName = Release;
		};
		32BB68312050FA6E00ADA8B4 /* Build configuration list for PBXNativeTarget "SMTPClient" */ = {
			isa = XCConfigurationList;
			buildConfigurations = (
				32BB68322050FA6E00ADA8B4 /* Debug */,
				32BB68332050FA6E00ADA8B4 /* Release */,
			);
			defaultConfigurationIsVisible = 0;
			defaultConfigurationName = Release;
		};
/* End XCConfigurationList section */
	};
	rootObject = 32BB68172050FA6E00ADA8B4 /* Project object */;
}
