// !$*UTF8*$!
{
	archiveVersion = 1;
	classes = {
	};
	objectVersion = 48;
	objects = {

/* Begin PBXBuildFile section */
		2FC1B120E1958A0E1214F406 /* Pods_SMTPClient.framework in Frameworks */ = {isa = PBXBuildFile; fileRef = 79ED9B36030E879D1D317BC3 /* Pods_SMTPClient.framework */; };
		32BB68232050FA6E00ADA8B4 /* AppDelegate.swift in Sources */ = {isa = PBXBuildFile; fileRef = 32BB68222050FA6E00ADA8B4 /* AppDelegate.swift */; };
		32BB68252050FA6E00ADA8B4 /* ViewController.swift in Sources */ = {isa = PBXBuildFile; fileRef = 32BB68242050FA6E00ADA8B4 /* ViewController.swift */; };
		32BB68282050FA6E00ADA8B4 /* Main.storyboard in Resources */ = {isa = PBXBuildFile; fileRef = 32BB68262050FA6E00ADA8B4 /* Main.storyboard */; };
		32BB682A2050FA6E00ADA8B4 /* Assets.xcassets in Resources */ = {isa = PBXBuildFile; fileRef = 32BB68292050FA6E00ADA8B4 /* Assets.xcassets */; };
		32BB682D2050FA6E00ADA8B4 /* LaunchScreen.storyboard in Resources */ = {isa = PBXBuildFile; fileRef = 32BB682B2050FA6E00ADA8B4 /* LaunchScreen.storyboard */; };
/* End PBXBuildFile section */

/* Begin PBXFileReference section */
		3299203D2051052F00226754 /* SMTPClient-Bridging-Header.h */ = {isa = PBXFileReference; lastKnownFileType = sourcecode.c.h; path = "SMTPClient-Bridging-Header.h"; sourceTree = "<group>"; };
		32BB681F2050FA6E00ADA8B4 /* SMTPClient.app */ = {isa = PBXFileReference; explicitFileType = wrapper.application; includeInIndex = 0; path = SMTPClient.app; sourceTree = BUILT_PRODUCTS_DIR; };
		32BB68222050FA6E00ADA8B4 /* AppDelegate.swift */ = {isa = PBXFileReference; lastKnownFileType = sourcecode.swift; path = AppDelegate.swift; sourceTree = "<group>"; };
		32BB68242050FA6E00ADA8B4 /* ViewController.swift */ = {isa = PBXFileReference; lastKnownFileType = sourcecode.swift; path = ViewController.swift; sourceTree = "<group>"; };
		32BB68272050FA6E00ADA8B4 /* Base */ = {isa = PBXFileReference; lastKnownFileType = file.storyboard; name = Base; path = Base.lproj/Main.storyboard; sourceTree = "<group>"; };
		32BB68292050FA6E00ADA8B4 /* Assets.xcassets */ = {isa = PBXFileReference; lastKnownFileType = folder.assetcatalog; path = Assets.xcassets; sourceTree = "<group>"; };
		32BB682C2050FA6E00ADA8B4 /* Base */ = {isa = PBXFileReference; lastKnownFileType = file.storyboard; name = Base; path = Base.lproj/LaunchScreen.storyboard; sourceTree = "<group>"; };
		32BB682E2050FA6E00ADA8B4 /* Info.plist */ = {isa = PBXFileReference; lastKnownFileType = text.plist.xml; path = Info.plist; sourceTree = "<group>"; };
		408000C39E9E344B11C18790 /* Pods-SMTPClient.debug.xcconfig */ = {isa = PBXFileReference; includeInIndex = 1; lastKnownFileType = text.xcconfig; name = "Pods-SMTPClient.debug.xcconfig"; path = "Pods/Target Support Files/Pods-SMTPClient/Pods-SMTPClient.debug.xcconfig"; sourceTree = "<group>"; };
		6BE15F02FE4C5F2EC9C3D39C /* Pods-SMTPClient.release.xcconfig */ = {isa = PBXFileReference; includeInIndex = 1; lastKnownFileType = text.xcconfig; name = "Pods-SMTPClient.release.xcconfig"; path = "Pods/Target Support Files/Pods-SMTPClient/Pods-SMTPClient.release.xcconfig"; sourceTree = "<group>"; };
		79ED9B36030E879D1D317BC3 /* Pods_SMTPClient.framework */ = {isa = PBXFileReference; explicitFileType = wrapper.framework; includeInIndex = 0; path = Pods_SMTPClient.framework; sourceTree = BUILT_PRODUCTS_DIR; };
/* End PBXFileReference section */

/* Begin PBXFrameworksBuildPhase section */
		32BB681C2050FA6E00ADA8B4 /* Frameworks */ = {
			isa = PBXFrameworksBuildPhase;
			buildActionMask = 2147483647;
			files = (
				2FC1B120E1958A0E1214F406 /* Pods_SMTPClient.framework in Frameworks */,
			);
			runOnlyForDeploymentPostprocessing = 0;
		};
/* End PBXFrameworksBuildPhase section */

/* Begin PBXGroup section */
		0DD8FDAF8B776A930F3508F9 /* Frameworks */ = {
			isa = PBXGroup;
			children = (
				79ED9B36030E879D1D317BC3 /* Pods_SMTPClient.framework */,
			);
			name = Frameworks;
			sourceTree = "<group>";
		};
		32BB68162050FA6E00ADA8B4 = {
			isa = PBXGroup;
			children = (
				32BB68212050FA6E00ADA8B4 /* SMTPClient */,
				32BB68202050FA6E00ADA8B4 /* Products */,
				36DF9F7820AE4ED72B7C2443 /* Pods */,
				0DD8FDAF8B776A930F3508F9 /* Frameworks */,
			);
			sourceTree = "<group>";
		};
		32BB68202050FA6E00ADA8B4 /* Products */ = {
			isa = PBXGroup;
			children = (
				32BB681F2050FA6E00ADA8B4 /* SMTPClient.app */,
			);
			name = Products;
			sourceTree = "<group>";
		};
		32BB68212050FA6E00ADA8B4 /* SMTPClient */ = {
			isa = PBXGroup;
			children = (
				3299203D2051052F00226754 /* SMTPClient-Bridging-Header.h */,
				32BB682E2050FA6E00ADA8B4 /* Info.plist */,
				32BB68222050FA6E00ADA8B4 /* AppDelegate.swift */,
				32BB68242050FA6E00ADA8B4 /* ViewController.swift */,
				32BB68292050FA6E00ADA8B4 /* Assets.xcassets */,
				32BB682B2050FA6E00ADA8B4 /* LaunchScreen.storyboard */,
				32BB68262050FA6E00ADA8B4 /* Main.storyboard */,
			);
			path = SMTPClient;
			sourceTree = "<group>";
		};
		36DF9F7820AE4ED72B7C2443 /* Pods */ = {
			isa = PBXGroup;
			children = (
				408000C39E9E344B11C18790 /* Pods-SMTPClient.debug.xcconfig */,
				6BE15F02FE4C5F2EC9C3D39C /* Pods-SMTPClient.release.xcconfig */,
			);
			name = Pods;
			sourceTree = "<group>";
		};
/* End PBXGroup section */

/* Begin PBXNativeTarget section */
		32BB681E2050FA6E00ADA8B4 /* SMTPClient */ = {
			isa = PBXNativeTarget;
			buildConfigurationList = 32BB68312050FA6E00ADA8B4 /* Build configuration list for PBXNativeTarget "SMTPClient" */;
			buildPhases = (
				4E95694A710B58770FD502CD /* [CP] Check Pods Manifest.lock */,
				32BB681B2050FA6E00ADA8B4 /* Sources */,
				32BB681C2050FA6E00ADA8B4 /* Frameworks */,
				32BB681D2050FA6E00ADA8B4 /* Resources */,
				763E255589DD3F96B38A67BF /* [CP] Embed Pods Frameworks */,
				A41AAB797C4FDB8FF5DF80AF /* [CP] Copy Pods Resources */,
			);
			buildRules = (
			);
			dependencies = (
			);
			name = SMTPClient;
			productName = SMTPClient;
			productReference = 32BB681F2050FA6E00ADA8B4 /* SMTPClient.app */;
			productType = "com.apple.product-type.application";
		};
/* End PBXNativeTarget section */

/* Begin PBXProject section */
		32BB68172050FA6E00ADA8B4 /* Project object */ = {
			isa = PBXProject;
			attributes = {
				LastSwiftUpdateCheck = 0920;
				LastUpgradeCheck = 0920;
				ORGANIZATIONNAME = edu.com;
				TargetAttributes = {
					32BB681E2050FA6E00ADA8B4 = {
						CreatedOnToolsVersion = 9.2;
						ProvisioningStyle = Automatic;
					};
				};
			};
			buildConfigurationList = 32BB681A2050FA6E00ADA8B4 /* Build configuration list for PBXProject "SMTPClient" */;
			compatibilityVersion = "Xcode 8.0";
			developmentRegion = en;
			hasScannedForEncodings = 0;
			knownRegions = (
				en,
				Base,
			);
			mainGroup = 32BB68162050FA6E00ADA8B4;
			productRefGroup = 32BB68202050FA6E00ADA8B4 /* Products */;
			projectDirPath = "";
			projectRoot = "";
			targets = (
				32BB681E2050FA6E00ADA8B4 /* SMTPClient */,
			);
		};
/* End PBXProject section */

/* Begin PBXResourcesBuildPhase section */
		32BB681D2050FA6E00ADA8B4 /* Resources */ = {
			isa = PBXResourcesBuildPhase;
			buildActionMask = 2147483647;
			files = (
				32BB682D2050FA6E00ADA8B4 /* LaunchScreen.storyboard in Resources */,
				32BB682A2050FA6E00ADA8B4 /* Assets.xcassets in Resources */,
				32BB68282050FA6E00ADA8B4 /* Main.storyboard in Resources */,
			);
			runOnlyForDeploymentPostprocessing = 0;
		};
/* End PBXResourcesBuildPhase section */

/* Begin PBXShellScriptBuildPhase section */
		4E95694A710B58770FD502CD /* [CP] Check Pods Manifest.lock */ = {
			isa = PBXShellScriptBuildPhase;
			buildActionMask = 2147483647;
			files = (
			);
			inputPaths = (
				"${PODS_PODFILE_DIR_PATH}/Podfile.lock",
				"${PODS_ROOT}/Manifest.lock",
			);
			name = "[CP] Check Pods Manifest.lock";
			outputPaths = (
				"$(DERIVED_FILE_DIR)/Pods-SMTPClient-checkManifestLockResult.txt",
			);
			runOnlyForDeploymentPostprocessing = 0;
			shellPath = /bin/sh;
			shellScript = "diff \"${PODS_PODFILE_DIR_PATH}/Podfile.lock\" \"${PODS_ROOT}/Manifest.lock\" > /dev/null\nif [ $? != 0 ] ; then\n    # print error to STDERR\n    echo \"error: The sandbox is not in sync with the Podfile.lock. Run 'pod install' or update your CocoaPods installation.\" >&2\n    exit 1\nfi\n# This output is used by Xcode 'outputs' to avoid re-running this script phase.\necho \"SUCCESS\" > \"${SCRIPT_OUTPUT_FILE_0}\"\n";
			showEnvVarsInLog = 0;
		};
		763E255589DD3F96B38A67BF /* [CP] Embed Pods Frameworks */ = {
			isa = PBXShellScriptBuildPhase;
			buildActionMask = 2147483647;
			files = (
			);
			inputPaths = (
			);
			name = "[CP] Embed Pods Frameworks";
			outputPaths = (
			);
			runOnlyForDeploymentPostprocessing = 0;
			shellPath = /bin/sh;
			shellScript = "\"${SRCROOT}/Pods/Target Support Files/Pods-SMTPClient/Pods-SMTPClient-frameworks.sh\"\n";
			showEnvVarsInLog = 0;
		};
		A41AAB797C4FDB8FF5DF80AF /* [CP] Copy Pods Resources */ = {
			isa = PBXShellScriptBuildPhase;
			buildActionMask = 2147483647;
			files = (
			);
			inputPaths = (
			);
			name = "[CP] Copy Pods Resources";
			outputPaths = (
			);
			runOnlyForDeploymentPostprocessing = 0;
			shellPath = /bin/sh;
			shellScript = "\"${SRCROOT}/Pods/Target Support Files/Pods-SMTPClient/Pods-SMTPClient-resources.sh\"\n";
			showEnvVarsInLog = 0;
		};
/* End PBXShellScriptBuildPhase section */

/* Begin PBXSourcesBuildPhase section */
		32BB681B2050FA6E00ADA8B4 /* Sources */ = {
			isa = PBXSourcesBuildPhase;
			buildActionMask = 2147483647;
			files = (
				32BB68252050FA6E00ADA8B4 /* ViewController.swift in Sources */,
				32BB68232050FA6E00ADA8B4 /* AppDelegate.swift in Sources */,
			);
			runOnlyForDeploymentPostprocessing = 0;
		};
/* End PBXSourcesBuildPhase section */

/* Begin PBXVariantGroup section */
		32BB68262050FA6E00ADA8B4 /* Main.storyboard */ = {
			isa = PBXVariantGroup;
			children = (
				32BB68272050FA6E00ADA8B4 /* Base */,
			);
			name = Main.storyboard;
			sourceTree = "<group>";
		};
		32BB682B2050FA6E00ADA8B4 /* LaunchScreen.storyboard */ = {
			isa = PBXVariantGroup;
			children = (
				32BB682C2050FA6E00ADA8B4 /* Base */,
			);
			name = LaunchScreen.storyboard;
			sourceTree = "<group>";
		};
/* End PBXVariantGroup section */

/* Begin XCBuildConfiguration section */
		32BB682F2050FA6E00ADA8B4 /* Debug */ = {
			isa = XCBuildConfiguration;
			buildSettings = {
				ALWAYS_SEARCH_USER_PATHS = NO;
				CLANG_ANALYZER_NONNULL = YES;
				CLANG_ANALYZER_NUMBER_OBJECT_CONVERSION = YES_AGGRESSIVE;
				CLANG_CXX_LANGUAGE_STANDARD = "gnu++14";
				CLANG_CXX_LIBRARY = "libc++";
				CLANG_ENABLE_MODULES = YES;
				CLANG_ENABLE_OBJC_ARC = YES;
				CLANG_WARN_BLOCK_CAPTURE_AUTORELEASING = YES;
				CLANG_WARN_BOOL_CONVERSION = YES;
				CLANG_WARN_COMMA = YES;
				CLANG_WARN_CONSTANT_CONVERSION = YES;
				CLANG_WARN_DIRECT_OBJC_ISA_USAGE = YES_ERROR;
				CLANG_WARN_DOCUMENTATION_COMMENTS = YES;
				CLANG_WARN_EMPTY_BODY = YES;
				CLANG_WARN_ENUM_CONVERSION = YES;
				CLANG_WARN_INFINITE_RECURSION = YES;
				CLANG_WARN_INT_CONVERSION = YES;
				CLANG_WARN_NON_LITERAL_NULL_CONVERSION = YES;
				CLANG_WARN_OBJC_LITERAL_CONVERSION = YES;
				CLANG_WARN_OBJC_ROOT_CLASS = YES_ERROR;
				CLANG_WARN_RANGE_LOOP_ANALYSIS = YES;
				CLANG_WARN_STRICT_PROTOTYPES = YES;
				CLANG_WARN_SUSPICIOUS_MOVE = YES;
				CLANG_WARN_UNGUARDED_AVAILABILITY = YES_AGGRESSIVE;
				CLANG_WARN_UNREACHABLE_CODE = YES;
				CLANG_WARN__DUPLICATE_METHOD_MATCH = YES;
				CODE_SIGN_IDENTITY = "iPhone Developer";
				COPY_PHASE_STRIP = NO;
				DEBUG_INFORMATION_FORMAT = dwarf;
				ENABLE_STRICT_OBJC_MSGSEND = YES;
				ENABLE_TESTABILITY = YES;
				GCC_C_LANGUAGE_STANDARD = gnu11;
				GCC_DYNAMIC_NO_PIC = NO;
				GCC_NO_COMMON_BLOCKS = YES;
				GCC_OPTIMIZATION_LEVEL = 0;
				GCC_PREPROCESSOR_DEFINITIONS = (
					"DEBUG=1",
					"$(inherited)",
				);
				GCC_WARN_64_TO_32_BIT_CONVERSION = YES;
				GCC_WARN_ABOUT_RETURN_TYPE = YES_ERROR;
				GCC_WARN_UNDECLARED_SELECTOR = YES;
				GCC_WARN_UNINITIALIZED_AUTOS = YES_AGGRESSIVE;
				GCC_WARN_UNUSED_FUNCTION = YES;
				GCC_WARN_UNUSED_VARIABLE = YES;
				IPHONEOS_DEPLOYMENT_TARGET = 11.2;
				MTL_ENABLE_DEBUG_INFO = YES;
				ONLY_ACTIVE_ARCH = YES;
				SDKROOT = iphoneos;
				SWIFT_ACTIVE_COMPILATION_CONDITIONS = DEBUG;
				SWIFT_OPTIMIZATION_LEVEL = "-Onone";
			};
			name = Debug;
		};
		32BB68302050FA6E00ADA8B4 /* Release */ = {
			isa = XCBuildConfiguration;
			buildSettings = {
				ALWAYS_SEARCH_USER_PATHS = NO;
				CLANG_ANALYZER_NONNULL = YES;
				CLANG_ANALYZER_NUMBER_OBJECT_CONVERSION = YES_AGGRESSIVE;
				CLANG_CXX_LANGUAGE_STANDARD = "gnu++14";
				CLANG_CXX_LIBRARY = "libc++";
				CLANG_ENABLE_MODULES = YES;
				CLANG_ENABLE_OBJC_ARC = YES;
				CLANG_WARN_BLOCK_CAPTURE_AUTORELEASING = YES;
				CLANG_WARN_BOOL_CONVERSION = YES;
				CLANG_WARN_COMMA = YES;
				CLANG_WARN_CONSTANT_CONVERSION = YES;
				CLANG_WARN_DIRECT_OBJC_ISA_USAGE = YES_ERROR;
				CLANG_WARN_DOCUMENTATION_COMMENTS = YES;
				CLANG_WARN_EMPTY_BODY = YES;
				CLANG_WARN_ENUM_CONVERSION = YES;
				CLANG_WARN_INFINITE_RECURSION = YES;
				CLANG_WARN_INT_CONVERSION = YES;
				CLANG_WARN_NON_LITERAL_NULL_CONVERSION = YES;
				CLANG_WARN_OBJC_LITERAL_CONVERSION = YES;
				CLANG_WARN_OBJC_ROOT_CLASS = YES_ERROR;
				CLANG_WARN_RANGE_LOOP_ANALYSIS = YES;
				CLANG_WARN_STRICT_PROTOTYPES = YES;
				CLANG_WARN_SUSPICIOUS_MOVE = YES;
				CLANG_WARN_UNGUARDED_AVAILABILITY = YES_AGGRESSIVE;
				CLANG_WARN_UNREACHABLE_CODE = YES;
				CLANG_WARN__DUPLICATE_METHOD_MATCH = YES;
				CODE_SIGN_IDENTITY = "iPhone Developer";
				COPY_PHASE_STRIP = NO;
				DEBUG_INFORMATION_FORMAT = "dwarf-with-dsym";
				ENABLE_NS_ASSERTIONS = NO;
				ENABLE_STRICT_OBJC_MSGSEND = YES;
				GCC_C_LANGUAGE_STANDARD = gnu11;
				GCC_NO_COMMON_BLOCKS = YES;
				GCC_WARN_64_TO_32_BIT_CONVERSION = YES;
				GCC_WARN_ABOUT_RETURN_TYPE = YES_ERROR;
				GCC_WARN_UNDECLARED_SELECTOR = YES;
				GCC_WARN_UNINITIALIZED_AUTOS = YES_AGGRESSIVE;
				GCC_WARN_UNUSED_FUNCTION = YES;
				GCC_WARN_UNUSED_VARIABLE = YES;
				IPHONEOS_DEPLOYMENT_TARGET = 11.2;
				MTL_ENABLE_DEBUG_INFO = NO;
				SDKROOT = iphoneos;
				SWIFT_OPTIMIZATION_LEVEL = "-Owholemodule";
				VALIDATE_PRODUCT = YES;
			};
			name = Release;
		};
		32BB68322050FA6E00ADA8B4 /* Debug */ = {
			isa = XCBuildConfiguration;
			baseConfigurationReference = 408000C39E9E344B11C18790 /* Pods-SMTPClient.debug.xcconfig */;
			buildSettings = {
				ASSETCATALOG_COMPILER_APPICON_NAME = AppIcon;
				CODE_SIGN_STYLE = Automatic;
				DEVELOPMENT_TEAM = 4BES6VC9E8;
				GCC_PRECOMPILE_PREFIX_HEADER = NO;
				GCC_PREFIX_HEADER = "";
				HEADER_SEARCH_PATHS = (
					"$(inherited)",
					"\"${PODS_ROOT}/Headers/Public\"",
					"\"${PODS_ROOT}/Headers/Public/mailcore2-ios\"",
					"\"${PODS_ROOT}/Headers/Public/mailcore2-ios/MailCore\"",
				);
				INFOPLIST_FILE = SMTPClient/Info.plist;
				LD_RUNPATH_SEARCH_PATHS = "$(inherited) @executable_path/Frameworks";
				PRODUCT_BUNDLE_IDENTIFIER = "jp.co.ast-net.SMTPClient";
				PRODUCT_NAME = "$(TARGET_NAME)";
				SWIFT_OBJC_BRIDGING_HEADER = "$(SRCROOT)/$(PROJECT)/$(SWIFT_MODULE_NAME)-Bridging-Header.h";
				SWIFT_PRECOMPILE_BRIDGING_HEADER = YES;
				SWIFT_VERSION = 4.0;
				TARGETED_DEVICE_FAMILY = "1,2";
			};
			name = Debug;
		};
		32BB68332050FA6E00ADA8B4 /* Release */ = {
			isa = XCBuildConfiguration;
			baseConfigurationReference = 6BE15F02FE4C5F2EC9C3D39C /* Pods-SMTPClient.release.xcconfig */;
			buildSettings = {
				ASSETCATALOG_COMPILER_APPICON_NAME = AppIcon;
				CODE_SIGN_STYLE = Automatic;
				DEVELOPMENT_TEAM = 4BES6VC9E8;
				GCC_PRECOMPILE_PREFIX_HEADER = NO;
				GCC_PREFIX_HEADER = "";
				HEADER_SEARCH_PATHS = (
					"$(inherited)",
					"\"${PODS_ROOT}/Headers/Public\"",
					"\"${PODS_ROOT}/Headers/Public/mailcore2-ios\"",
					"\"${PODS_ROOT}/Headers/Public/mailcore2-ios/MailCore\"",
				);
				INFOPLIST_FILE = SMTPClient/Info.plist;
				LD_RUNPATH_SEARCH_PATHS = "$(inherited) @executable_path/Frameworks";
				PRODUCT_BUNDLE_IDENTIFIER = "jp.co.ast-net.SMTPClient";
				PRODUCT_NAME = "$(TARGET_NAME)";
				SWIFT_OBJC_BRIDGING_HEADER = "$(SRCROOT)/$(PROJECT)/$(SWIFT_MODULE_NAME)-Bridging-Header.h";
				SWIFT_PRECOMPILE_BRIDGING_HEADER = YES;
				SWIFT_VERSION = 4.0;
				TARGETED_DEVICE_FAMILY = "1,2";
			};
			name = Release;
		};
/* End XCBuildConfiguration section */

/* Begin XCConfigurationList section */
		32BB681A2050FA6E00ADA8B4 /* Build configuration list for PBXProject "SMTPClient" */ = {
			isa = XCConfigurationList;
			buildConfigurations = (
				32BB682F2050FA6E00ADA8B4 /* Debug */,
				32BB68302050FA6E00ADA8B4 /* Release */,
			);
			defaultConfigurationIsVisible = 0;
			defaultConfigurationName = Release;
		};
		32BB68312050FA6E00ADA8B4 /* Build configuration list for PBXNativeTarget "SMTPClient" */ = {
			isa = XCConfigurationList;
			buildConfigurations = (
				32BB68322050FA6E00ADA8B4 /* Debug */,
				32BB68332050FA6E00ADA8B4 /* Release */,
			);
			defaultConfigurationIsVisible = 0;
			defaultConfigurationName = Release;
		};
/* End XCConfigurationList section */
	};
	rootObject = 32BB68172050FA6E00ADA8B4 /* Project object */;
}
